
Microsoft Visual Studio Solution File, Format Version 12.00
# Visual Studio 15
VisualStudioVersion = 15.0.26124.0
MinimumVisualStudioVersion = 15.0.26124.0
Project("{6EC3EE1D-3C4E-46DD-8F32-0CC8E7565705}") = "Fable.Import.Google.Cloud.Functions", "Fable.Import.Google.Cloud.Functions.fsproj", "{5A33386C-621D-4FBE-A829-057BA8CFBC61}"
EndProject
Project("{6EC3EE1D-3C4E-46DD-8F32-0CC8E7565705}") = "Tests", "tests\Tests.fsproj", "{765310E3-11EE-425C-B816-86B8BED1CB26}"
EndProject
Global
	GlobalSection(SolutionConfigurationPlatforms) = preSolution
		Debug|Any CPU = Debug|Any CPU
		Debug|x64 = Debug|x64
		Debug|x86 = Debug|x86
		Release|Any CPU = Release|Any CPU
		Release|x64 = Release|x64
		Release|x86 = Release|x86
	EndGlobalSection
	GlobalSection(SolutionProperties) = preSolution
		HideSolutionNode = FALSE
	EndGlobalSection
	GlobalSection(ProjectConfigurationPlatforms) = postSolution
		{5A33386C-621D-4FBE-A829-057BA8CFBC61}.Debug|Any CPU.ActiveCfg = Debug|Any CPU
		{5A33386C-621D-4FBE-A829-057BA8CFBC61}.Debug|Any CPU.Build.0 = Debug|Any CPU
		{5A33386C-621D-4FBE-A829-057BA8CFBC61}.Debug|x64.ActiveCfg = Debug|x64
		{5A33386C-621D-4FBE-A829-057BA8CFBC61}.Debug|x64.Build.0 = Debug|x64
		{5A33386C-621D-4FBE-A829-057BA8CFBC61}.Debug|x86.ActiveCfg = Debug|x86
		{5A33386C-621D-4FBE-A829-057BA8CFBC61}.Debug|x86.Build.0 = Debug|x86
		{5A33386C-621D-4FBE-A829-057BA8CFBC61}.Release|Any CPU.ActiveCfg = Release|Any CPU
		{5A33386C-621D-4FBE-A829-057BA8CFBC61}.Release|Any CPU.Build.0 = Release|Any CPU
		{5A33386C-621D-4FBE-A829-057BA8CFBC61}.Release|x64.ActiveCfg = Release|x64
		{5A33386C-621D-4FBE-A829-057BA8CFBC61}.Release|x64.Build.0 = Release|x64
		{5A33386C-621D-4FBE-A829-057BA8CFBC61}.Release|x86.ActiveCfg = Release|x86
		{5A33386C-621D-4FBE-A829-057BA8CFBC61}.Release|x86.Build.0 = Release|x86
		{765310E3-11EE-425C-B816-86B8BED1CB26}.Debug|Any CPU.ActiveCfg = Debug|Any CPU
		{765310E3-11EE-425C-B816-86B8BED1CB26}.Debug|Any CPU.Build.0 = Debug|Any CPU
		{765310E3-11EE-425C-B816-86B8BED1CB26}.Debug|x64.ActiveCfg = Debug|x64
		{765310E3-11EE-425C-B816-86B8BED1CB26}.Debug|x64.Build.0 = Debug|x64
		{765310E3-11EE-425C-B816-86B8BED1CB26}.Debug|x86.ActiveCfg = Debug|x86
		{765310E3-11EE-425C-B816-86B8BED1CB26}.Debug|x86.Build.0 = Debug|x86
		{765310E3-11EE-425C-B816-86B8BED1CB26}.Release|Any CPU.ActiveCfg = Release|Any CPU
		{765310E3-11EE-425C-B816-86B8BED1CB26}.Release|Any CPU.Build.0 = Release|Any CPU
		{765310E3-11EE-425C-B816-86B8BED1CB26}.Release|x64.ActiveCfg = Release|x64
		{765310E3-11EE-425C-B816-86B8BED1CB26}.Release|x64.Build.0 = Release|x64
		{765310E3-11EE-425C-B816-86B8BED1CB26}.Release|x86.ActiveCfg = Release|x86
		{765310E3-11EE-425C-B816-86B8BED1CB26}.Release|x86.Build.0 = Release|x86
	EndGlobalSection
EndGlobal
